// !$*UTF8*$!
{
	archiveVersion = 1;
	classes = {
	};
	objectVersion = 46;
	objects = {

/* Begin PBXGroup section */
		E03CCDEE1A1AFC9E00975551 = {
			isa = PBXGroup;
			children = (
			);
			sourceTree = "<group>";
		};
/* End PBXGroup section */

/* Begin PBXProject section */
		E03CCDEF1A1AFC9E00975551 /* Project object */ = {
			isa = PBXProject;
			attributes = {
				LastUpgradeCheck = 0610;
			};
			buildConfigurationList = E03CCDF21A1AFC9E00975551 /* Build configuration list for PBXProject "Woodchuck" */;
			compatibilityVersion = "Xcode 3.2";
			developmentRegion = English;
			hasScannedForEncodings = 0;
			knownRegions = (
				en,
			);
			mainGroup = E03CCDEE1A1AFC9E00975551;
			projectDirPath = "";
			projectRoot = "";
			targets = (
			);
		};
/* End PBXProject section */

/* Begin XCBuildConfiguration section */
		E03CCDF31A1AFC9E00975551 /* Debug */ = {
			isa = XCBuildConfiguration;
			buildSettings = {
			};
			name = Debug;
		};
		E03CCDF41A1AFC9E00975551 /* Release */ = {
			isa = XCBuildConfiguration;
			buildSettings = {
			};
			name = Release;
		};
/* End XCBuildConfiguration section */

/* Begin XCConfigurationList section */
		E03CCDF21A1AFC9E00975551 /* Build configuration list for PBXProject "Woodchuck" */ = {
			isa = XCConfigurationList;
			buildConfigurations = (
				E03CCDF31A1AFC9E00975551 /* Debug */,
				E03CCDF41A1AFC9E00975551 /* Release */,
			);
			defaultConfigurationIsVisible = 0;
			defaultConfigurationName = Release;
		};
/* End XCConfigurationList section */
	};
	rootObject = E03CCDEF1A1AFC9E00975551 /* Project object */;
}
